
Microsoft Visual Studio Solution File, Format Version 12.00
# Visual Studio 15
VisualStudioVersion = 15.0.28307.489
MinimumVisualStudioVersion = 10.0.40219.1
Project("{9A19103F-16F7-4668-BE54-9A1E7A4F7556}") = "MetricUnitTest", "MetricUnitTest\MetricUnitTest.csproj", "{CFDD71C0-3800-48FF-9E69-AAD72BCBBF7A}"
EndProject
Project("{9A19103F-16F7-4668-BE54-9A1E7A4F7556}") = "Prometheus.enumetric", "src\Prometheus.enumetric.csproj", "{BEB99975-BA2B-4A27-9375-2248B36AB445}"
EndProject
Global
	GlobalSection(SolutionConfigurationPlatforms) = preSolution
		Debug|Any CPU = Debug|Any CPU
		Release|Any CPU = Release|Any CPU
	EndGlobalSection
	GlobalSection(ProjectConfigurationPlatforms) = postSolution
		{CFDD71C0-3800-48FF-9E69-AAD72BCBBF7A}.Debug|Any CPU.ActiveCfg = Debug|Any CPU
		{CFDD71C0-3800-48FF-9E69-AAD72BCBBF7A}.Debug|Any CPU.Build.0 = Debug|Any CPU
		{CFDD71C0-3800-48FF-9E69-AAD72BCBBF7A}.Release|Any CPU.ActiveCfg = Release|Any CPU
		{CFDD71C0-3800-48FF-9E69-AAD72BCBBF7A}.Release|Any CPU.Build.0 = Release|Any CPU
		{BEB99975-BA2B-4A27-9375-2248B36AB445}.Debug|Any CPU.ActiveCfg = Debug|Any CPU
		{BEB99975-BA2B-4A27-9375-2248B36AB445}.Debug|Any CPU.Build.0 = Debug|Any CPU
		{BEB99975-BA2B-4A27-9375-2248B36AB445}.Release|Any CPU.ActiveCfg = Release|Any CPU
		{BEB99975-BA2B-4A27-9375-2248B36AB445}.Release|Any CPU.Build.0 = Release|Any CPU
	EndGlobalSection
	GlobalSection(SolutionProperties) = preSolution
		HideSolutionNode = FALSE
	EndGlobalSection
	GlobalSection(ExtensibilityGlobals) = postSolution
		SolutionGuid = {5D6F27A3-D94D-482C-BA9E-EA0C0AFC6AC7}
	EndGlobalSection
EndGlobal
